// !$*UTF8*$!
{
	archiveVersion = 1;
	classes = {
	};
	objectVersion = 50;
	objects = {

/* Begin PBXBuildFile section */
		3A020E2721CF231F007254F4 /* AppDelegate.m in Sources */ = {isa = PBXBuildFile; fileRef = 3A020E2621CF231F007254F4 /* AppDelegate.m */; };
		3A020E2D21CF231F007254F4 /* Main.storyboard in Resources */ = {isa = PBXBuildFile; fileRef = 3A020E2B21CF231F007254F4 /* Main.storyboard */; };
		3A020E2F21CF2320007254F4 /* Assets.xcassets in Resources */ = {isa = PBXBuildFile; fileRef = 3A020E2E21CF2320007254F4 /* Assets.xcassets */; };
		3A020E3221CF2320007254F4 /* LaunchScreen.storyboard in Resources */ = {isa = PBXBuildFile; fileRef = 3A020E3021CF2320007254F4 /* LaunchScreen.storyboard */; };
		3A020E3521CF2320007254F4 /* main.m in Sources */ = {isa = PBXBuildFile; fileRef = 3A020E3421CF2320007254F4 /* main.m */; };
		3A020E3F21CF2320007254F4 /* LBBaseNavTests.m in Sources */ = {isa = PBXBuildFile; fileRef = 3A020E3E21CF2320007254F4 /* LBBaseNavTests.m */; };
		3A020E4A21CF2320007254F4 /* LBBaseNavUITests.m in Sources */ = {isa = PBXBuildFile; fileRef = 3A020E4921CF2320007254F4 /* LBBaseNavUITests.m */; };
		3A020E5921CF23C2007254F4 /* LBBaseNav.m in Sources */ = {isa = PBXBuildFile; fileRef = 3A020E5821CF23C2007254F4 /* LBBaseNav.m */; };
		3A020E5C21CF24A9007254F4 /* VC1.m in Sources */ = {isa = PBXBuildFile; fileRef = 3A020E5B21CF24A9007254F4 /* VC1.m */; };
		3A020E5F21CF24BB007254F4 /* VC2.m in Sources */ = {isa = PBXBuildFile; fileRef = 3A020E5E21CF24BB007254F4 /* VC2.m */; };
		3A1FAE7421CF89160034191A /* VC3.m in Sources */ = {isa = PBXBuildFile; fileRef = 3A1FAE7321CF89160034191A /* VC3.m */; };
		3A1FAE7D21CF95180034191A /* AnimationContoller.m in Sources */ = {isa = PBXBuildFile; fileRef = 3A1FAE7C21CF95180034191A /* AnimationContoller.m */; };
		3AAEB32021D06CEA00E8D02B /* ProBaseNav.m in Sources */ = {isa = PBXBuildFile; fileRef = 3AAEB31F21D06CEA00E8D02B /* ProBaseNav.m */; };
/* End PBXBuildFile section */

/* Begin PBXContainerItemProxy section */
		3A020E3B21CF2320007254F4 /* PBXContainerItemProxy */ = {
			isa = PBXContainerItemProxy;
			containerPortal = 3A020E1A21CF231F007254F4 /* Project object */;
			proxyType = 1;
			remoteGlobalIDString = 3A020E2121CF231F007254F4;
			remoteInfo = LBBaseNav;
		};
		3A020E4621CF2320007254F4 /* PBXContainerItemProxy */ = {
			isa = PBXContainerItemProxy;
			containerPortal = 3A020E1A21CF231F007254F4 /* Project object */;
			proxyType = 1;
			remoteGlobalIDString = 3A020E2121CF231F007254F4;
			remoteInfo = LBBaseNav;
		};
/* End PBXContainerItemProxy section */

/* Begin PBXFileReference section */
		3A020E2221CF231F007254F4 /* LBBaseNav.app */ = {isa = PBXFileReference; explicitFileType = wrapper.application; includeInIndex = 0; path = LBBaseNav.app; sourceTree = BUILT_PRODUCTS_DIR; };
		3A020E2521CF231F007254F4 /* AppDelegate.h */ = {isa = PBXFileReference; lastKnownFileType = sourcecode.c.h; path = AppDelegate.h; sourceTree = "<group>"; };
		3A020E2621CF231F007254F4 /* AppDelegate.m */ = {isa = PBXFileReference; lastKnownFileType = sourcecode.c.objc; path = AppDelegate.m; sourceTree = "<group>"; };
		3A020E2C21CF231F007254F4 /* Base */ = {isa = PBXFileReference; lastKnownFileType = file.storyboard; name = Base; path = Base.lproj/Main.storyboard; sourceTree = "<group>"; };
		3A020E2E21CF2320007254F4 /* Assets.xcassets */ = {isa = PBXFileReference; lastKnownFileType = folder.assetcatalog; path = Assets.xcassets; sourceTree = "<group>"; };
		3A020E3121CF2320007254F4 /* Base */ = {isa = PBXFileReference; lastKnownFileType = file.storyboard; name = Base; path = Base.lproj/LaunchScreen.storyboard; sourceTree = "<group>"; };
		3A020E3321CF2320007254F4 /* Info.plist */ = {isa = PBXFileReference; lastKnownFileType = text.plist.xml; path = Info.plist; sourceTree = "<group>"; };
		3A020E3421CF2320007254F4 /* main.m */ = {isa = PBXFileReference; lastKnownFileType = sourcecode.c.objc; path = main.m; sourceTree = "<group>"; };
		3A020E3A21CF2320007254F4 /* LBBaseNavTests.xctest */ = {isa = PBXFileReference; explicitFileType = wrapper.cfbundle; includeInIndex = 0; path = LBBaseNavTests.xctest; sourceTree = BUILT_PRODUCTS_DIR; };
		3A020E3E21CF2320007254F4 /* LBBaseNavTests.m */ = {isa = PBXFileReference; lastKnownFileType = sourcecode.c.objc; path = LBBaseNavTests.m; sourceTree = "<group>"; };
		3A020E4021CF2320007254F4 /* Info.plist */ = {isa = PBXFileReference; lastKnownFileType = text.plist.xml; path = Info.plist; sourceTree = "<group>"; };
		3A020E4521CF2320007254F4 /* LBBaseNavUITests.xctest */ = {isa = PBXFileReference; explicitFileType = wrapper.cfbundle; includeInIndex = 0; path = LBBaseNavUITests.xctest; sourceTree = BUILT_PRODUCTS_DIR; };
		3A020E4921CF2320007254F4 /* LBBaseNavUITests.m */ = {isa = PBXFileReference; lastKnownFileType = sourcecode.c.objc; path = LBBaseNavUITests.m; sourceTree = "<group>"; };
		3A020E4B21CF2320007254F4 /* Info.plist */ = {isa = PBXFileReference; lastKnownFileType = text.plist.xml; path = Info.plist; sourceTree = "<group>"; };
		3A020E5721CF23C2007254F4 /* LBBaseNav.h */ = {isa = PBXFileReference; lastKnownFileType = sourcecode.c.h; path = LBBaseNav.h; sourceTree = "<group>"; };
		3A020E5821CF23C2007254F4 /* LBBaseNav.m */ = {isa = PBXFileReference; lastKnownFileType = sourcecode.c.objc; path = LBBaseNav.m; sourceTree = "<group>"; };
		3A020E5A21CF24A9007254F4 /* VC1.h */ = {isa = PBXFileReference; lastKnownFileType = sourcecode.c.h; path = VC1.h; sourceTree = "<group>"; };
		3A020E5B21CF24A9007254F4 /* VC1.m */ = {isa = PBXFileReference; lastKnownFileType = sourcecode.c.objc; path = VC1.m; sourceTree = "<group>"; };
		3A020E5D21CF24BB007254F4 /* VC2.h */ = {isa = PBXFileReference; lastKnownFileType = sourcecode.c.h; path = VC2.h; sourceTree = "<group>"; };
		3A020E5E21CF24BB007254F4 /* VC2.m */ = {isa = PBXFileReference; lastKnownFileType = sourcecode.c.objc; path = VC2.m; sourceTree = "<group>"; };
		3A1FAE7221CF89160034191A /* VC3.h */ = {isa = PBXFileReference; lastKnownFileType = sourcecode.c.h; path = VC3.h; sourceTree = "<group>"; };
		3A1FAE7321CF89160034191A /* VC3.m */ = {isa = PBXFileReference; lastKnownFileType = sourcecode.c.objc; path = VC3.m; sourceTree = "<group>"; };
		3A1FAE7B21CF95180034191A /* AnimationContoller.h */ = {isa = PBXFileReference; lastKnownFileType = sourcecode.c.h; path = AnimationContoller.h; sourceTree = "<group>"; };
		3A1FAE7C21CF95180034191A /* AnimationContoller.m */ = {isa = PBXFileReference; lastKnownFileType = sourcecode.c.objc; path = AnimationContoller.m; sourceTree = "<group>"; };
		3AAEB31E21D06CEA00E8D02B /* ProBaseNav.h */ = {isa = PBXFileReference; lastKnownFileType = sourcecode.c.h; path = ProBaseNav.h; sourceTree = "<group>"; };
		3AAEB31F21D06CEA00E8D02B /* ProBaseNav.m */ = {isa = PBXFileReference; lastKnownFileType = sourcecode.c.objc; path = ProBaseNav.m; sourceTree = "<group>"; };
/* End PBXFileReference section */

/* Begin PBXFrameworksBuildPhase section */
		3A020E1F21CF231F007254F4 /* Frameworks */ = {
			isa = PBXFrameworksBuildPhase;
			buildActionMask = 2147483647;
			files = (
			);
			runOnlyForDeploymentPostprocessing = 0;
		};
		3A020E3721CF2320007254F4 /* Frameworks */ = {
			isa = PBXFrameworksBuildPhase;
			buildActionMask = 2147483647;
			files = (
			);
			runOnlyForDeploymentPostprocessing = 0;
		};
		3A020E4221CF2320007254F4 /* Frameworks */ = {
			isa = PBXFrameworksBuildPhase;
			buildActionMask = 2147483647;
			files = (
			);
			runOnlyForDeploymentPostprocessing = 0;
		};
/* End PBXFrameworksBuildPhase section */

/* Begin PBXGroup section */
		3A020E1921CF231F007254F4 = {
			isa = PBXGroup;
			children = (
				3A020E2421CF231F007254F4 /* LBBaseNav */,
				3A020E3D21CF2320007254F4 /* LBBaseNavTests */,
				3A020E4821CF2320007254F4 /* LBBaseNavUITests */,
				3A020E2321CF231F007254F4 /* Products */,
			);
			sourceTree = "<group>";
		};
		3A020E2321CF231F007254F4 /* Products */ = {
			isa = PBXGroup;
			children = (
				3A020E2221CF231F007254F4 /* LBBaseNav.app */,
				3A020E3A21CF2320007254F4 /* LBBaseNavTests.xctest */,
				3A020E4521CF2320007254F4 /* LBBaseNavUITests.xctest */,
			);
			name = Products;
			sourceTree = "<group>";
		};
		3A020E2421CF231F007254F4 /* LBBaseNav */ = {
			isa = PBXGroup;
			children = (
				3A020E2521CF231F007254F4 /* AppDelegate.h */,
				3A020E2621CF231F007254F4 /* AppDelegate.m */,
				3A020E2B21CF231F007254F4 /* Main.storyboard */,
				3A020E5721CF23C2007254F4 /* LBBaseNav.h */,
				3A020E5821CF23C2007254F4 /* LBBaseNav.m */,
				3A1FAE7B21CF95180034191A /* AnimationContoller.h */,
				3A1FAE7C21CF95180034191A /* AnimationContoller.m */,
				3A020E5A21CF24A9007254F4 /* VC1.h */,
				3A020E5B21CF24A9007254F4 /* VC1.m */,
				3A020E5D21CF24BB007254F4 /* VC2.h */,
				3A020E5E21CF24BB007254F4 /* VC2.m */,
				3A1FAE7221CF89160034191A /* VC3.h */,
				3A1FAE7321CF89160034191A /* VC3.m */,
				3A020E2E21CF2320007254F4 /* Assets.xcassets */,
				3A020E3021CF2320007254F4 /* LaunchScreen.storyboard */,
				3A020E3321CF2320007254F4 /* Info.plist */,
				3A020E3421CF2320007254F4 /* main.m */,
				3AAEB31E21D06CEA00E8D02B /* ProBaseNav.h */,
				3AAEB31F21D06CEA00E8D02B /* ProBaseNav.m */,
			);
			path = LBBaseNav;
			sourceTree = "<group>";
		};
		3A020E3D21CF2320007254F4 /* LBBaseNavTests */ = {
			isa = PBXGroup;
			children = (
				3A020E3E21CF2320007254F4 /* LBBaseNavTests.m */,
				3A020E4021CF2320007254F4 /* Info.plist */,
			);
			path = LBBaseNavTests;
			sourceTree = "<group>";
		};
		3A020E4821CF2320007254F4 /* LBBaseNavUITests */ = {
			isa = PBXGroup;
			children = (
				3A020E4921CF2320007254F4 /* LBBaseNavUITests.m */,
				3A020E4B21CF2320007254F4 /* Info.plist */,
			);
			path = LBBaseNavUITests;
			sourceTree = "<group>";
		};
/* End PBXGroup section */

/* Begin PBXNativeTarget section */
		3A020E2121CF231F007254F4 /* LBBaseNav */ = {
			isa = PBXNativeTarget;
			buildConfigurationList = 3A020E4E21CF2320007254F4 /* Build configuration list for PBXNativeTarget "LBBaseNav" */;
			buildPhases = (
				3A020E1E21CF231F007254F4 /* Sources */,
				3A020E1F21CF231F007254F4 /* Frameworks */,
				3A020E2021CF231F007254F4 /* Resources */,
			);
			buildRules = (
			);
			dependencies = (
			);
			name = LBBaseNav;
			productName = LBBaseNav;
			productReference = 3A020E2221CF231F007254F4 /* LBBaseNav.app */;
			productType = "com.apple.product-type.application";
		};
		3A020E3921CF2320007254F4 /* LBBaseNavTests */ = {
			isa = PBXNativeTarget;
			buildConfigurationList = 3A020E5121CF2320007254F4 /* Build configuration list for PBXNativeTarget "LBBaseNavTests" */;
			buildPhases = (
				3A020E3621CF2320007254F4 /* Sources */,
				3A020E3721CF2320007254F4 /* Frameworks */,
				3A020E3821CF2320007254F4 /* Resources */,
			);
			buildRules = (
			);
			dependencies = (
				3A020E3C21CF2320007254F4 /* PBXTargetDependency */,
			);
			name = LBBaseNavTests;
			productName = LBBaseNavTests;
			productReference = 3A020E3A21CF2320007254F4 /* LBBaseNavTests.xctest */;
			productType = "com.apple.product-type.bundle.unit-test";
		};
		3A020E4421CF2320007254F4 /* LBBaseNavUITests */ = {
			isa = PBXNativeTarget;
			buildConfigurationList = 3A020E5421CF2320007254F4 /* Build configuration list for PBXNativeTarget "LBBaseNavUITests" */;
			buildPhases = (
				3A020E4121CF2320007254F4 /* Sources */,
				3A020E4221CF2320007254F4 /* Frameworks */,
				3A020E4321CF2320007254F4 /* Resources */,
			);
			buildRules = (
			);
			dependencies = (
				3A020E4721CF2320007254F4 /* PBXTargetDependency */,
			);
			name = LBBaseNavUITests;
			productName = LBBaseNavUITests;
			productReference = 3A020E4521CF2320007254F4 /* LBBaseNavUITests.xctest */;
			productType = "com.apple.product-type.bundle.ui-testing";
		};
/* End PBXNativeTarget section */

/* Begin PBXProject section */
		3A020E1A21CF231F007254F4 /* Project object */ = {
			isa = PBXProject;
			attributes = {
				LastUpgradeCheck = 1010;
				ORGANIZATIONNAME = LB;
				TargetAttributes = {
					3A020E2121CF231F007254F4 = {
						CreatedOnToolsVersion = 10.1;
					};
					3A020E3921CF2320007254F4 = {
						CreatedOnToolsVersion = 10.1;
						TestTargetID = 3A020E2121CF231F007254F4;
					};
					3A020E4421CF2320007254F4 = {
						CreatedOnToolsVersion = 10.1;
						TestTargetID = 3A020E2121CF231F007254F4;
					};
				};
			};
			buildConfigurationList = 3A020E1D21CF231F007254F4 /* Build configuration list for PBXProject "LBBaseNav" */;
			compatibilityVersion = "Xcode 9.3";
			developmentRegion = en;
			hasScannedForEncodings = 0;
			knownRegions = (
				en,
				Base,
			);
			mainGroup = 3A020E1921CF231F007254F4;
			productRefGroup = 3A020E2321CF231F007254F4 /* Products */;
			projectDirPath = "";
			projectRoot = "";
			targets = (
				3A020E2121CF231F007254F4 /* LBBaseNav */,
				3A020E3921CF2320007254F4 /* LBBaseNavTests */,
				3A020E4421CF2320007254F4 /* LBBaseNavUITests */,
			);
		};
/* End PBXProject section */

/* Begin PBXResourcesBuildPhase section */
		3A020E2021CF231F007254F4 /* Resources */ = {
			isa = PBXResourcesBuildPhase;
			buildActionMask = 2147483647;
			files = (
				3A020E3221CF2320007254F4 /* LaunchScreen.storyboard in Resources */,
				3A020E2F21CF2320007254F4 /* Assets.xcassets in Resources */,
				3A020E2D21CF231F007254F4 /* Main.storyboard in Resources */,
			);
			runOnlyForDeploymentPostprocessing = 0;
		};
		3A020E3821CF2320007254F4 /* Resources */ = {
			isa = PBXResourcesBuildPhase;
			buildActionMask = 2147483647;
			files = (
			);
			runOnlyForDeploymentPostprocessing = 0;
		};
		3A020E4321CF2320007254F4 /* Resources */ = {
			isa = PBXResourcesBuildPhase;
			buildActionMask = 2147483647;
			files = (
			);
			runOnlyForDeploymentPostprocessing = 0;
		};
/* End PBXResourcesBuildPhase section */

/* Begin PBXSourcesBuildPhase section */
		3A020E1E21CF231F007254F4 /* Sources */ = {
			isa = PBXSourcesBuildPhase;
			buildActionMask = 2147483647;
			files = (
				3AAEB32021D06CEA00E8D02B /* ProBaseNav.m in Sources */,
				3A020E3521CF2320007254F4 /* main.m in Sources */,
				3A020E5921CF23C2007254F4 /* LBBaseNav.m in Sources */,
				3A020E5C21CF24A9007254F4 /* VC1.m in Sources */,
				3A1FAE7D21CF95180034191A /* AnimationContoller.m in Sources */,
				3A1FAE7421CF89160034191A /* VC3.m in Sources */,
				3A020E2721CF231F007254F4 /* AppDelegate.m in Sources */,
				3A020E5F21CF24BB007254F4 /* VC2.m in Sources */,
			);
			runOnlyForDeploymentPostprocessing = 0;
		};
		3A020E3621CF2320007254F4 /* Sources */ = {
			isa = PBXSourcesBuildPhase;
			buildActionMask = 2147483647;
			files = (
				3A020E3F21CF2320007254F4 /* LBBaseNavTests.m in Sources */,
			);
			runOnlyForDeploymentPostprocessing = 0;
		};
		3A020E4121CF2320007254F4 /* Sources */ = {
			isa = PBXSourcesBuildPhase;
			buildActionMask = 2147483647;
			files = (
				3A020E4A21CF2320007254F4 /* LBBaseNavUITests.m in Sources */,
			);
			runOnlyForDeploymentPostprocessing = 0;
		};
/* End PBXSourcesBuildPhase section */

/* Begin PBXTargetDependency section */
		3A020E3C21CF2320007254F4 /* PBXTargetDependency */ = {
			isa = PBXTargetDependency;
			target = 3A020E2121CF231F007254F4 /* LBBaseNav */;
			targetProxy = 3A020E3B21CF2320007254F4 /* PBXContainerItemProxy */;
		};
		3A020E4721CF2320007254F4 /* PBXTargetDependency */ = {
			isa = PBXTargetDependency;
			target = 3A020E2121CF231F007254F4 /* LBBaseNav */;
			targetProxy = 3A020E4621CF2320007254F4 /* PBXContainerItemProxy */;
		};
/* End PBXTargetDependency section */

/* Begin PBXVariantGroup section */
		3A020E2B21CF231F007254F4 /* Main.storyboard */ = {
			isa = PBXVariantGroup;
			children = (
				3A020E2C21CF231F007254F4 /* Base */,
			);
			name = Main.storyboard;
			sourceTree = "<group>";
		};
		3A020E3021CF2320007254F4 /* LaunchScreen.storyboard */ = {
			isa = PBXVariantGroup;
			children = (
				3A020E3121CF2320007254F4 /* Base */,
			);
			name = LaunchScreen.storyboard;
			sourceTree = "<group>";
		};
/* End PBXVariantGroup section */

/* Begin XCBuildConfiguration section */
		3A020E4C21CF2320007254F4 /* Debug */ = {
			isa = XCBuildConfiguration;
			buildSettings = {
				ALWAYS_SEARCH_USER_PATHS = NO;
				CLANG_ANALYZER_NONNULL = YES;
				CLANG_ANALYZER_NUMBER_OBJECT_CONVERSION = YES_AGGRESSIVE;
				CLANG_CXX_LANGUAGE_STANDARD = "gnu++14";
				CLANG_CXX_LIBRARY = "libc++";
				CLANG_ENABLE_MODULES = YES;
				CLANG_ENABLE_OBJC_ARC = YES;
				CLANG_ENABLE_OBJC_WEAK = YES;
				CLANG_WARN_BLOCK_CAPTURE_AUTORELEASING = YES;
				CLANG_WARN_BOOL_CONVERSION = YES;
				CLANG_WARN_COMMA = YES;
				CLANG_WARN_CONSTANT_CONVERSION = YES;
				CLANG_WARN_DEPRECATED_OBJC_IMPLEMENTATIONS = YES;
				CLANG_WARN_DIRECT_OBJC_ISA_USAGE = YES_ERROR;
				CLANG_WARN_DOCUMENTATION_COMMENTS = YES;
				CLANG_WARN_EMPTY_BODY = YES;
				CLANG_WARN_ENUM_CONVERSION = YES;
				CLANG_WARN_INFINITE_RECURSION = YES;
				CLANG_WARN_INT_CONVERSION = YES;
				CLANG_WARN_NON_LITERAL_NULL_CONVERSION = YES;
				CLANG_WARN_OBJC_IMPLICIT_RETAIN_SELF = YES;
				CLANG_WARN_OBJC_LITERAL_CONVERSION = YES;
				CLANG_WARN_OBJC_ROOT_CLASS = YES_ERROR;
				CLANG_WARN_RANGE_LOOP_ANALYSIS = YES;
				CLANG_WARN_STRICT_PROTOTYPES = YES;
				CLANG_WARN_SUSPICIOUS_MOVE = YES;
				CLANG_WARN_UNGUARDED_AVAILABILITY = YES_AGGRESSIVE;
				CLANG_WARN_UNREACHABLE_CODE = YES;
				CLANG_WARN__DUPLICATE_METHOD_MATCH = YES;
				CODE_SIGN_IDENTITY = "iPhone Developer";
				COPY_PHASE_STRIP = NO;
				DEBUG_INFORMATION_FORMAT = dwarf;
				ENABLE_STRICT_OBJC_MSGSEND = YES;
				ENABLE_TESTABILITY = YES;
				GCC_C_LANGUAGE_STANDARD = gnu11;
				GCC_DYNAMIC_NO_PIC = NO;
				GCC_NO_COMMON_BLOCKS = YES;
				GCC_OPTIMIZATION_LEVEL = 0;
				GCC_PREPROCESSOR_DEFINITIONS = (
					"DEBUG=1",
					"$(inherited)",
				);
				GCC_WARN_64_TO_32_BIT_CONVERSION = YES;
				GCC_WARN_ABOUT_RETURN_TYPE = YES_ERROR;
				GCC_WARN_UNDECLARED_SELECTOR = YES;
				GCC_WARN_UNINITIALIZED_AUTOS = YES_AGGRESSIVE;
				GCC_WARN_UNUSED_FUNCTION = YES;
				GCC_WARN_UNUSED_VARIABLE = YES;
				IPHONEOS_DEPLOYMENT_TARGET = 12.1;
				MTL_ENABLE_DEBUG_INFO = INCLUDE_SOURCE;
				MTL_FAST_MATH = YES;
				ONLY_ACTIVE_ARCH = YES;
				SDKROOT = iphoneos;
			};
			name = Debug;
		};
		3A020E4D21CF2320007254F4 /* Release */ = {
			isa = XCBuildConfiguration;
			buildSettings = {
				ALWAYS_SEARCH_USER_PATHS = NO;
				CLANG_ANALYZER_NONNULL = YES;
				CLANG_ANALYZER_NUMBER_OBJECT_CONVERSION = YES_AGGRESSIVE;
				CLANG_CXX_LANGUAGE_STANDARD = "gnu++14";
				CLANG_CXX_LIBRARY = "libc++";
				CLANG_ENABLE_MODULES = YES;
				CLANG_ENABLE_OBJC_ARC = YES;
				CLANG_ENABLE_OBJC_WEAK = YES;
				CLANG_WARN_BLOCK_CAPTURE_AUTORELEASING = YES;
				CLANG_WARN_BOOL_CONVERSION = YES;
				CLANG_WARN_COMMA = YES;
				CLANG_WARN_CONSTANT_CONVERSION = YES;
				CLANG_WARN_DEPRECATED_OBJC_IMPLEMENTATIONS = YES;
				CLANG_WARN_DIRECT_OBJC_ISA_USAGE = YES_ERROR;
				CLANG_WARN_DOCUMENTATION_COMMENTS = YES;
				CLANG_WARN_EMPTY_BODY = YES;
				CLANG_WARN_ENUM_CONVERSION = YES;
				CLANG_WARN_INFINITE_RECURSION = YES;
				CLANG_WARN_INT_CONVERSION = YES;
				CLANG_WARN_NON_LITERAL_NULL_CONVERSION = YES;
				CLANG_WARN_OBJC_IMPLICIT_RETAIN_SELF = YES;
				CLANG_WARN_OBJC_LITERAL_CONVERSION = YES;
				CLANG_WARN_OBJC_ROOT_CLASS = YES_ERROR;
				CLANG_WARN_RANGE_LOOP_ANALYSIS = YES;
				CLANG_WARN_STRICT_PROTOTYPES = YES;
				CLANG_WARN_SUSPICIOUS_MOVE = YES;
				CLANG_WARN_UNGUARDED_AVAILABILITY = YES_AGGRESSIVE;
				CLANG_WARN_UNREACHABLE_CODE = YES;
				CLANG_WARN__DUPLICATE_METHOD_MATCH = YES;
				CODE_SIGN_IDENTITY = "iPhone Developer";
				COPY_PHASE_STRIP = NO;
				DEBUG_INFORMATION_FORMAT = "dwarf-with-dsym";
				ENABLE_NS_ASSERTIONS = NO;
				ENABLE_STRICT_OBJC_MSGSEND = YES;
				GCC_C_LANGUAGE_STANDARD = gnu11;
				GCC_NO_COMMON_BLOCKS = YES;
				GCC_WARN_64_TO_32_BIT_CONVERSION = YES;
				GCC_WARN_ABOUT_RETURN_TYPE = YES_ERROR;
				GCC_WARN_UNDECLARED_SELECTOR = YES;
				GCC_WARN_UNINITIALIZED_AUTOS = YES_AGGRESSIVE;
				GCC_WARN_UNUSED_FUNCTION = YES;
				GCC_WARN_UNUSED_VARIABLE = YES;
				IPHONEOS_DEPLOYMENT_TARGET = 12.1;
				MTL_ENABLE_DEBUG_INFO = NO;
				MTL_FAST_MATH = YES;
				SDKROOT = iphoneos;
				VALIDATE_PRODUCT = YES;
			};
			name = Release;
		};
		3A020E4F21CF2320007254F4 /* Debug */ = {
			isa = XCBuildConfiguration;
			buildSettings = {
				ASSETCATALOG_COMPILER_APPICON_NAME = AppIcon;
				CODE_SIGN_STYLE = Automatic;
				INFOPLIST_FILE = LBBaseNav/Info.plist;
				IPHONEOS_DEPLOYMENT_TARGET = 9.0;
				LD_RUNPATH_SEARCH_PATHS = (
					"$(inherited)",
					"@executable_path/Frameworks",
				);
				PRODUCT_BUNDLE_IDENTIFIER = lb.LBBaseNav;
				PRODUCT_NAME = "$(TARGET_NAME)";
				TARGETED_DEVICE_FAMILY = 1;
			};
			name = Debug;
		};
		3A020E5021CF2320007254F4 /* Release */ = {
			isa = XCBuildConfiguration;
			buildSettings = {
				ASSETCATALOG_COMPILER_APPICON_NAME = AppIcon;
				CODE_SIGN_STYLE = Automatic;
				INFOPLIST_FILE = LBBaseNav/Info.plist;
				IPHONEOS_DEPLOYMENT_TARGET = 9.0;
				LD_RUNPATH_SEARCH_PATHS = (
					"$(inherited)",
					"@executable_path/Frameworks",
				);
				PRODUCT_BUNDLE_IDENTIFIER = lb.LBBaseNav;
				PRODUCT_NAME = "$(TARGET_NAME)";
				TARGETED_DEVICE_FAMILY = 1;
			};
			name = Release;
		};
		3A020E5221CF2320007254F4 /* Debug */ = {
			isa = XCBuildConfiguration;
			buildSettings = {
				BUNDLE_LOADER = "$(TEST_HOST)";
				CODE_SIGN_STYLE = Automatic;
				INFOPLIST_FILE = LBBaseNavTests/Info.plist;
				LD_RUNPATH_SEARCH_PATHS = (
					"$(inherited)",
					"@executable_path/Frameworks",
					"@loader_path/Frameworks",
				);
				PRODUCT_BUNDLE_IDENTIFIER = lb.LBBaseNavTests;
				PRODUCT_NAME = "$(TARGET_NAME)";
				TARGETED_DEVICE_FAMILY = "1,2";
				TEST_HOST = "$(BUILT_PRODUCTS_DIR)/LBBaseNav.app/LBBaseNav";
			};
			name = Debug;
		};
		3A020E5321CF2320007254F4 /* Release */ = {
			isa = XCBuildConfiguration;
			buildSettings = {
				BUNDLE_LOADER = "$(TEST_HOST)";
				CODE_SIGN_STYLE = Automatic;
				INFOPLIST_FILE = LBBaseNavTests/Info.plist;
				LD_RUNPATH_SEARCH_PATHS = (
					"$(inherited)",
					"@executable_path/Frameworks",
					"@loader_path/Frameworks",
				);
				PRODUCT_BUNDLE_IDENTIFIER = lb.LBBaseNavTests;
				PRODUCT_NAME = "$(TARGET_NAME)";
				TARGETED_DEVICE_FAMILY = "1,2";
				TEST_HOST = "$(BUILT_PRODUCTS_DIR)/LBBaseNav.app/LBBaseNav";
			};
			name = Release;
		};
		3A020E5521CF2320007254F4 /* Debug */ = {
			isa = XCBuildConfiguration;
			buildSettings = {
				CODE_SIGN_STYLE = Automatic;
				INFOPLIST_FILE = LBBaseNavUITests/Info.plist;
				LD_RUNPATH_SEARCH_PATHS = (
					"$(inherited)",
					"@executable_path/Frameworks",
					"@loader_path/Frameworks",
				);
				PRODUCT_BUNDLE_IDENTIFIER = lb.LBBaseNavUITests;
				PRODUCT_NAME = "$(TARGET_NAME)";
				TARGETED_DEVICE_FAMILY = "1,2";
				TEST_TARGET_NAME = LBBaseNav;
			};
			name = Debug;
		};
		3A020E5621CF2320007254F4 /* Release */ = {
			isa = XCBuildConfiguration;
			buildSettings = {
				CODE_SIGN_STYLE = Automatic;
				INFOPLIST_FILE = LBBaseNavUITests/Info.plist;
				LD_RUNPATH_SEARCH_PATHS = (
					"$(inherited)",
					"@executable_path/Frameworks",
					"@loader_path/Frameworks",
				);
				PRODUCT_BUNDLE_IDENTIFIER = lb.LBBaseNavUITests;
				PRODUCT_NAME = "$(TARGET_NAME)";
				TARGETED_DEVICE_FAMILY = "1,2";
				TEST_TARGET_NAME = LBBaseNav;
			};
			name = Release;
		};
/* End XCBuildConfiguration section */

/* Begin XCConfigurationList section */
		3A020E1D21CF231F007254F4 /* Build configuration list for PBXProject "LBBaseNav" */ = {
			isa = XCConfigurationList;
			buildConfigurations = (
				3A020E4C21CF2320007254F4 /* Debug */,
				3A020E4D21CF2320007254F4 /* Release */,
			);
			defaultConfigurationIsVisible = 0;
			defaultConfigurationName = Release;
		};
		3A020E4E21CF2320007254F4 /* Build configuration list for PBXNativeTarget "LBBaseNav" */ = {
			isa = XCConfigurationList;
			buildConfigurations = (
				3A020E4F21CF2320007254F4 /* Debug */,
				3A020E5021CF2320007254F4 /* Release */,
			);
			defaultConfigurationIsVisible = 0;
			defaultConfigurationName = Release;
		};
		3A020E5121CF2320007254F4 /* Build configuration list for PBXNativeTarget "LBBaseNavTests" */ = {
			isa = XCConfigurationList;
			buildConfigurations = (
				3A020E5221CF2320007254F4 /* Debug */,
				3A020E5321CF2320007254F4 /* Release */,
			);
			defaultConfigurationIsVisible = 0;
			defaultConfigurationName = Release;
		};
		3A020E5421CF2320007254F4 /* Build configuration list for PBXNativeTarget "LBBaseNavUITests" */ = {
			isa = XCConfigurationList;
			buildConfigurations = (
				3A020E5521CF2320007254F4 /* Debug */,
				3A020E5621CF2320007254F4 /* Release */,
			);
			defaultConfigurationIsVisible = 0;
			defaultConfigurationName = Release;
		};
/* End XCConfigurationList section */
	};
	rootObject = 3A020E1A21CF231F007254F4 /* Project object */;
}
