// !$*UTF8*$!
{
	archiveVersion = 1;
	classes = {
	};
	objectVersion = 50;
	objects = {

/* Begin PBXBuildFile section */
		3AAEB33521D1D72800E8D02B /* AppDelegate.m in Sources */ = {isa = PBXBuildFile; fileRef = 3AAEB33421D1D72800E8D02B /* AppDelegate.m */; };
		3AAEB33821D1D72800E8D02B /* ViewController.m in Sources */ = {isa = PBXBuildFile; fileRef = 3AAEB33721D1D72800E8D02B /* ViewController.m */; };
		3AAEB33B21D1D72800E8D02B /* Document.m in Sources */ = {isa = PBXBuildFile; fileRef = 3AAEB33A21D1D72800E8D02B /* Document.m */; };
		3AAEB33D21D1D72B00E8D02B /* Assets.xcassets in Resources */ = {isa = PBXBuildFile; fileRef = 3AAEB33C21D1D72B00E8D02B /* Assets.xcassets */; };
		3AAEB34021D1D72B00E8D02B /* Main.storyboard in Resources */ = {isa = PBXBuildFile; fileRef = 3AAEB33E21D1D72B00E8D02B /* Main.storyboard */; };
		3AAEB34321D1D72B00E8D02B /* main.m in Sources */ = {isa = PBXBuildFile; fileRef = 3AAEB34221D1D72B00E8D02B /* main.m */; };
/* End PBXBuildFile section */

/* Begin PBXFileReference section */
		3AAEB33021D1D72800E8D02B /* LBViewCornerRadius.app */ = {isa = PBXFileReference; explicitFileType = wrapper.application; includeInIndex = 0; path = LBViewCornerRadius.app; sourceTree = BUILT_PRODUCTS_DIR; };
		3AAEB33321D1D72800E8D02B /* AppDelegate.h */ = {isa = PBXFileReference; lastKnownFileType = sourcecode.c.h; path = AppDelegate.h; sourceTree = "<group>"; };
		3AAEB33421D1D72800E8D02B /* AppDelegate.m */ = {isa = PBXFileReference; lastKnownFileType = sourcecode.c.objc; path = AppDelegate.m; sourceTree = "<group>"; };
		3AAEB33621D1D72800E8D02B /* ViewController.h */ = {isa = PBXFileReference; lastKnownFileType = sourcecode.c.h; path = ViewController.h; sourceTree = "<group>"; };
		3AAEB33721D1D72800E8D02B /* ViewController.m */ = {isa = PBXFileReference; lastKnownFileType = sourcecode.c.objc; path = ViewController.m; sourceTree = "<group>"; };
		3AAEB33921D1D72800E8D02B /* Document.h */ = {isa = PBXFileReference; lastKnownFileType = sourcecode.c.h; path = Document.h; sourceTree = "<group>"; };
		3AAEB33A21D1D72800E8D02B /* Document.m */ = {isa = PBXFileReference; lastKnownFileType = sourcecode.c.objc; path = Document.m; sourceTree = "<group>"; };
		3AAEB33C21D1D72B00E8D02B /* Assets.xcassets */ = {isa = PBXFileReference; lastKnownFileType = folder.assetcatalog; path = Assets.xcassets; sourceTree = "<group>"; };
		3AAEB33F21D1D72B00E8D02B /* Base */ = {isa = PBXFileReference; lastKnownFileType = file.storyboard; name = Base; path = Base.lproj/Main.storyboard; sourceTree = "<group>"; };
		3AAEB34121D1D72B00E8D02B /* Info.plist */ = {isa = PBXFileReference; lastKnownFileType = text.plist.xml; path = Info.plist; sourceTree = "<group>"; };
		3AAEB34221D1D72B00E8D02B /* main.m */ = {isa = PBXFileReference; lastKnownFileType = sourcecode.c.objc; path = main.m; sourceTree = "<group>"; };
		3AAEB34421D1D72B00E8D02B /* LBViewCornerRadius.entitlements */ = {isa = PBXFileReference; lastKnownFileType = text.plist.entitlements; path = LBViewCornerRadius.entitlements; sourceTree = "<group>"; };
/* End PBXFileReference section */

/* Begin PBXFrameworksBuildPhase section */
		3AAEB32D21D1D72800E8D02B /* Frameworks */ = {
			isa = PBXFrameworksBuildPhase;
			buildActionMask = 2147483647;
			files = (
			);
			runOnlyForDeploymentPostprocessing = 0;
		};
/* End PBXFrameworksBuildPhase section */

/* Begin PBXGroup section */
		3AAEB32721D1D72800E8D02B = {
			isa = PBXGroup;
			children = (
				3AAEB33221D1D72800E8D02B /* LBViewCornerRadius */,
				3AAEB33121D1D72800E8D02B /* Products */,
			);
			sourceTree = "<group>";
		};
		3AAEB33121D1D72800E8D02B /* Products */ = {
			isa = PBXGroup;
			children = (
				3AAEB33021D1D72800E8D02B /* LBViewCornerRadius.app */,
			);
			name = Products;
			sourceTree = "<group>";
		};
		3AAEB33221D1D72800E8D02B /* LBViewCornerRadius */ = {
			isa = PBXGroup;
			children = (
				3AAEB33321D1D72800E8D02B /* AppDelegate.h */,
				3AAEB33421D1D72800E8D02B /* AppDelegate.m */,
				3AAEB33621D1D72800E8D02B /* ViewController.h */,
				3AAEB33721D1D72800E8D02B /* ViewController.m */,
				3AAEB33921D1D72800E8D02B /* Document.h */,
				3AAEB33A21D1D72800E8D02B /* Document.m */,
				3AAEB33C21D1D72B00E8D02B /* Assets.xcassets */,
				3AAEB33E21D1D72B00E8D02B /* Main.storyboard */,
				3AAEB34121D1D72B00E8D02B /* Info.plist */,
				3AAEB34221D1D72B00E8D02B /* main.m */,
				3AAEB34421D1D72B00E8D02B /* LBViewCornerRadius.entitlements */,
			);
			path = LBViewCornerRadius;
			sourceTree = "<group>";
		};
/* End PBXGroup section */

/* Begin PBXNativeTarget section */
		3AAEB32F21D1D72800E8D02B /* LBViewCornerRadius */ = {
			isa = PBXNativeTarget;
			buildConfigurationList = 3AAEB34721D1D72B00E8D02B /* Build configuration list for PBXNativeTarget "LBViewCornerRadius" */;
			buildPhases = (
				3AAEB32C21D1D72800E8D02B /* Sources */,
				3AAEB32D21D1D72800E8D02B /* Frameworks */,
				3AAEB32E21D1D72800E8D02B /* Resources */,
			);
			buildRules = (
			);
			dependencies = (
			);
			name = LBViewCornerRadius;
			productName = LBViewCornerRadius;
			productReference = 3AAEB33021D1D72800E8D02B /* LBViewCornerRadius.app */;
			productType = "com.apple.product-type.application";
		};
/* End PBXNativeTarget section */

/* Begin PBXProject section */
		3AAEB32821D1D72800E8D02B /* Project object */ = {
			isa = PBXProject;
			attributes = {
				LastUpgradeCheck = 1010;
				ORGANIZATIONNAME = LB;
				TargetAttributes = {
					3AAEB32F21D1D72800E8D02B = {
						CreatedOnToolsVersion = 10.1;
					};
				};
			};
			buildConfigurationList = 3AAEB32B21D1D72800E8D02B /* Build configuration list for PBXProject "LBViewCornerRadius" */;
			compatibilityVersion = "Xcode 9.3";
			developmentRegion = en;
			hasScannedForEncodings = 0;
			knownRegions = (
				en,
				Base,
			);
			mainGroup = 3AAEB32721D1D72800E8D02B;
			productRefGroup = 3AAEB33121D1D72800E8D02B /* Products */;
			projectDirPath = "";
			projectRoot = "";
			targets = (
				3AAEB32F21D1D72800E8D02B /* LBViewCornerRadius */,
			);
		};
/* End PBXProject section */

/* Begin PBXResourcesBuildPhase section */
		3AAEB32E21D1D72800E8D02B /* Resources */ = {
			isa = PBXResourcesBuildPhase;
			buildActionMask = 2147483647;
			files = (
				3AAEB33D21D1D72B00E8D02B /* Assets.xcassets in Resources */,
				3AAEB34021D1D72B00E8D02B /* Main.storyboard in Resources */,
			);
			runOnlyForDeploymentPostprocessing = 0;
		};
/* End PBXResourcesBuildPhase section */

/* Begin PBXSourcesBuildPhase section */
		3AAEB32C21D1D72800E8D02B /* Sources */ = {
			isa = PBXSourcesBuildPhase;
			buildActionMask = 2147483647;
			files = (
				3AAEB33B21D1D72800E8D02B /* Document.m in Sources */,
				3AAEB33821D1D72800E8D02B /* ViewController.m in Sources */,
				3AAEB34321D1D72B00E8D02B /* main.m in Sources */,
				3AAEB33521D1D72800E8D02B /* AppDelegate.m in Sources */,
			);
			runOnlyForDeploymentPostprocessing = 0;
		};
/* End PBXSourcesBuildPhase section */

/* Begin PBXVariantGroup section */
		3AAEB33E21D1D72B00E8D02B /* Main.storyboard */ = {
			isa = PBXVariantGroup;
			children = (
				3AAEB33F21D1D72B00E8D02B /* Base */,
			);
			name = Main.storyboard;
			sourceTree = "<group>";
		};
/* End PBXVariantGroup section */

/* Begin XCBuildConfiguration section */
		3AAEB34521D1D72B00E8D02B /* Debug */ = {
			isa = XCBuildConfiguration;
			buildSettings = {
				ALWAYS_SEARCH_USER_PATHS = NO;
				CLANG_ANALYZER_NONNULL = YES;
				CLANG_ANALYZER_NUMBER_OBJECT_CONVERSION = YES_AGGRESSIVE;
				CLANG_CXX_LANGUAGE_STANDARD = "gnu++14";
				CLANG_CXX_LIBRARY = "libc++";
				CLANG_ENABLE_MODULES = YES;
				CLANG_ENABLE_OBJC_ARC = YES;
				CLANG_ENABLE_OBJC_WEAK = YES;
				CLANG_WARN_BLOCK_CAPTURE_AUTORELEASING = YES;
				CLANG_WARN_BOOL_CONVERSION = YES;
				CLANG_WARN_COMMA = YES;
				CLANG_WARN_CONSTANT_CONVERSION = YES;
				CLANG_WARN_DEPRECATED_OBJC_IMPLEMENTATIONS = YES;
				CLANG_WARN_DIRECT_OBJC_ISA_USAGE = YES_ERROR;
				CLANG_WARN_DOCUMENTATION_COMMENTS = YES;
				CLANG_WARN_EMPTY_BODY = YES;
				CLANG_WARN_ENUM_CONVERSION = YES;
				CLANG_WARN_INFINITE_RECURSION = YES;
				CLANG_WARN_INT_CONVERSION = YES;
				CLANG_WARN_NON_LITERAL_NULL_CONVERSION = YES;
				CLANG_WARN_OBJC_IMPLICIT_RETAIN_SELF = YES;
				CLANG_WARN_OBJC_LITERAL_CONVERSION = YES;
				CLANG_WARN_OBJC_ROOT_CLASS = YES_ERROR;
				CLANG_WARN_RANGE_LOOP_ANALYSIS = YES;
				CLANG_WARN_STRICT_PROTOTYPES = YES;
				CLANG_WARN_SUSPICIOUS_MOVE = YES;
				CLANG_WARN_UNGUARDED_AVAILABILITY = YES_AGGRESSIVE;
				CLANG_WARN_UNREACHABLE_CODE = YES;
				CLANG_WARN__DUPLICATE_METHOD_MATCH = YES;
				CODE_SIGN_IDENTITY = "-";
				COPY_PHASE_STRIP = NO;
				DEBUG_INFORMATION_FORMAT = dwarf;
				ENABLE_STRICT_OBJC_MSGSEND = YES;
				ENABLE_TESTABILITY = YES;
				GCC_C_LANGUAGE_STANDARD = gnu11;
				GCC_DYNAMIC_NO_PIC = NO;
				GCC_NO_COMMON_BLOCKS = YES;
				GCC_OPTIMIZATION_LEVEL = 0;
				GCC_PREPROCESSOR_DEFINITIONS = (
					"DEBUG=1",
					"$(inherited)",
				);
				GCC_WARN_64_TO_32_BIT_CONVERSION = YES;
				GCC_WARN_ABOUT_RETURN_TYPE = YES_ERROR;
				GCC_WARN_UNDECLARED_SELECTOR = YES;
				GCC_WARN_UNINITIALIZED_AUTOS = YES_AGGRESSIVE;
				GCC_WARN_UNUSED_FUNCTION = YES;
				GCC_WARN_UNUSED_VARIABLE = YES;
				MACOSX_DEPLOYMENT_TARGET = 10.14;
				MTL_ENABLE_DEBUG_INFO = INCLUDE_SOURCE;
				MTL_FAST_MATH = YES;
				ONLY_ACTIVE_ARCH = YES;
				SDKROOT = macosx;
			};
			name = Debug;
		};
		3AAEB34621D1D72B00E8D02B /* Release */ = {
			isa = XCBuildConfiguration;
			buildSettings = {
				ALWAYS_SEARCH_USER_PATHS = NO;
				CLANG_ANALYZER_NONNULL = YES;
				CLANG_ANALYZER_NUMBER_OBJECT_CONVERSION = YES_AGGRESSIVE;
				CLANG_CXX_LANGUAGE_STANDARD = "gnu++14";
				CLANG_CXX_LIBRARY = "libc++";
				CLANG_ENABLE_MODULES = YES;
				CLANG_ENABLE_OBJC_ARC = YES;
				CLANG_ENABLE_OBJC_WEAK = YES;
				CLANG_WARN_BLOCK_CAPTURE_AUTORELEASING = YES;
				CLANG_WARN_BOOL_CONVERSION = YES;
				CLANG_WARN_COMMA = YES;
				CLANG_WARN_CONSTANT_CONVERSION = YES;
				CLANG_WARN_DEPRECATED_OBJC_IMPLEMENTATIONS = YES;
				CLANG_WARN_DIRECT_OBJC_ISA_USAGE = YES_ERROR;
				CLANG_WARN_DOCUMENTATION_COMMENTS = YES;
				CLANG_WARN_EMPTY_BODY = YES;
				CLANG_WARN_ENUM_CONVERSION = YES;
				CLANG_WARN_INFINITE_RECURSION = YES;
				CLANG_WARN_INT_CONVERSION = YES;
				CLANG_WARN_NON_LITERAL_NULL_CONVERSION = YES;
				CLANG_WARN_OBJC_IMPLICIT_RETAIN_SELF = YES;
				CLANG_WARN_OBJC_LITERAL_CONVERSION = YES;
				CLANG_WARN_OBJC_ROOT_CLASS = YES_ERROR;
				CLANG_WARN_RANGE_LOOP_ANALYSIS = YES;
				CLANG_WARN_STRICT_PROTOTYPES = YES;
				CLANG_WARN_SUSPICIOUS_MOVE = YES;
				CLANG_WARN_UNGUARDED_AVAILABILITY = YES_AGGRESSIVE;
				CLANG_WARN_UNREACHABLE_CODE = YES;
				CLANG_WARN__DUPLICATE_METHOD_MATCH = YES;
				CODE_SIGN_IDENTITY = "-";
				COPY_PHASE_STRIP = NO;
				DEBUG_INFORMATION_FORMAT = "dwarf-with-dsym";
				ENABLE_NS_ASSERTIONS = NO;
				ENABLE_STRICT_OBJC_MSGSEND = YES;
				GCC_C_LANGUAGE_STANDARD = gnu11;
				GCC_NO_COMMON_BLOCKS = YES;
				GCC_WARN_64_TO_32_BIT_CONVERSION = YES;
				GCC_WARN_ABOUT_RETURN_TYPE = YES_ERROR;
				GCC_WARN_UNDECLARED_SELECTOR = YES;
				GCC_WARN_UNINITIALIZED_AUTOS = YES_AGGRESSIVE;
				GCC_WARN_UNUSED_FUNCTION = YES;
				GCC_WARN_UNUSED_VARIABLE = YES;
				MACOSX_DEPLOYMENT_TARGET = 10.14;
				MTL_ENABLE_DEBUG_INFO = NO;
				MTL_FAST_MATH = YES;
				SDKROOT = macosx;
			};
			name = Release;
		};
		3AAEB34821D1D72B00E8D02B /* Debug */ = {
			isa = XCBuildConfiguration;
			buildSettings = {
				ASSETCATALOG_COMPILER_APPICON_NAME = AppIcon;
				CODE_SIGN_ENTITLEMENTS = LBViewCornerRadius/LBViewCornerRadius.entitlements;
				CODE_SIGN_STYLE = Automatic;
				COMBINE_HIDPI_IMAGES = YES;
				INFOPLIST_FILE = LBViewCornerRadius/Info.plist;
				LD_RUNPATH_SEARCH_PATHS = (
					"$(inherited)",
					"@executable_path/../Frameworks",
				);
				PRODUCT_BUNDLE_IDENTIFIER = lb.LBViewCornerRadius;
				PRODUCT_NAME = "$(TARGET_NAME)";
			};
			name = Debug;
		};
		3AAEB34921D1D72B00E8D02B /* Release */ = {
			isa = XCBuildConfiguration;
			buildSettings = {
				ASSETCATALOG_COMPILER_APPICON_NAME = AppIcon;
				CODE_SIGN_ENTITLEMENTS = LBViewCornerRadius/LBViewCornerRadius.entitlements;
				CODE_SIGN_STYLE = Automatic;
				COMBINE_HIDPI_IMAGES = YES;
				INFOPLIST_FILE = LBViewCornerRadius/Info.plist;
				LD_RUNPATH_SEARCH_PATHS = (
					"$(inherited)",
					"@executable_path/../Frameworks",
				);
				PRODUCT_BUNDLE_IDENTIFIER = lb.LBViewCornerRadius;
				PRODUCT_NAME = "$(TARGET_NAME)";
			};
			name = Release;
		};
/* End XCBuildConfiguration section */

/* Begin XCConfigurationList section */
		3AAEB32B21D1D72800E8D02B /* Build configuration list for PBXProject "LBViewCornerRadius" */ = {
			isa = XCConfigurationList;
			buildConfigurations = (
				3AAEB34521D1D72B00E8D02B /* Debug */,
				3AAEB34621D1D72B00E8D02B /* Release */,
			);
			defaultConfigurationIsVisible = 0;
			defaultConfigurationName = Release;
		};
		3AAEB34721D1D72B00E8D02B /* Build configuration list for PBXNativeTarget "LBViewCornerRadius" */ = {
			isa = XCConfigurationList;
			buildConfigurations = (
				3AAEB34821D1D72B00E8D02B /* Debug */,
				3AAEB34921D1D72B00E8D02B /* Release */,
			);
			defaultConfigurationIsVisible = 0;
			defaultConfigurationName = Release;
		};
/* End XCConfigurationList section */
	};
	rootObject = 3AAEB32821D1D72800E8D02B /* Project object */;
}
